// !$*UTF8*$!
{
	archiveVersion = 1;
	classes = {
	};
	objectVersion = 50;
	objects = {

/* Begin PBXBuildFile section */
		6C6E9C1324DEC6C300E16CF7 /* AppDelegate.swift in Sources */ = {isa = PBXBuildFile; fileRef = 6C6E9C1224DEC6C300E16CF7 /* AppDelegate.swift */; };
		6C6E9C1524DEC6C300E16CF7 /* SceneDelegate.swift in Sources */ = {isa = PBXBuildFile; fileRef = 6C6E9C1424DEC6C300E16CF7 /* SceneDelegate.swift */; };
		6C6E9C1724DEC6C300E16CF7 /* IntercomViewController.swift in Sources */ = {isa = PBXBuildFile; fileRef = 6C6E9C1624DEC6C300E16CF7 /* IntercomViewController.swift */; };
		6C6E9C1A24DEC6C300E16CF7 /* Main.storyboard in Resources */ = {isa = PBXBuildFile; fileRef = 6C6E9C1824DEC6C300E16CF7 /* Main.storyboard */; };
		6C6E9C1C24DEC6C500E16CF7 /* Assets.xcassets in Resources */ = {isa = PBXBuildFile; fileRef = 6C6E9C1B24DEC6C500E16CF7 /* Assets.xcassets */; };
		6C6E9C1F24DEC6C500E16CF7 /* LaunchScreen.storyboard in Resources */ = {isa = PBXBuildFile; fileRef = 6C6E9C1D24DEC6C500E16CF7 /* LaunchScreen.storyboard */; };
		6C6E9C2B24DEC83A00E16CF7 /* WebManager.swift in Sources */ = {isa = PBXBuildFile; fileRef = 6C6E9C2A24DEC83A00E16CF7 /* WebManager.swift */; };
		6C6E9C2D24DEC89000E16CF7 /* Intercom.swift in Sources */ = {isa = PBXBuildFile; fileRef = 6C6E9C2C24DEC89000E16CF7 /* Intercom.swift */; };
		6C6E9C3224DEC8C800E16CF7 /* IntercomCell.swift in Sources */ = {isa = PBXBuildFile; fileRef = 6C6E9C3024DEC8C800E16CF7 /* IntercomCell.swift */; };
		6C6E9C3324DEC8C800E16CF7 /* IntercomCell.xib in Resources */ = {isa = PBXBuildFile; fileRef = 6C6E9C3124DEC8C800E16CF7 /* IntercomCell.xib */; };
		6C6E9C3624DEC8FA00E16CF7 /* DetailViewController.swift in Sources */ = {isa = PBXBuildFile; fileRef = 6C6E9C3524DEC8FA00E16CF7 /* DetailViewController.swift */; };
		6C6E9C3824DEDC1900E16CF7 /* ImageScrollView.swift in Sources */ = {isa = PBXBuildFile; fileRef = 6C6E9C3724DEDC1900E16CF7 /* ImageScrollView.swift */; };
/* End PBXBuildFile section */

/* Begin PBXFileReference section */
		6C6E9C0F24DEC6C300E16CF7 /* RubetekSmartHouse.app */ = {isa = PBXFileReference; explicitFileType = wrapper.application; includeInIndex = 0; path = RubetekSmartHouse.app; sourceTree = BUILT_PRODUCTS_DIR; };
		6C6E9C1224DEC6C300E16CF7 /* AppDelegate.swift */ = {isa = PBXFileReference; lastKnownFileType = sourcecode.swift; path = AppDelegate.swift; sourceTree = "<group>"; };
		6C6E9C1424DEC6C300E16CF7 /* SceneDelegate.swift */ = {isa = PBXFileReference; lastKnownFileType = sourcecode.swift; path = SceneDelegate.swift; sourceTree = "<group>"; };
		6C6E9C1624DEC6C300E16CF7 /* IntercomViewController.swift */ = {isa = PBXFileReference; lastKnownFileType = sourcecode.swift; path = IntercomViewController.swift; sourceTree = "<group>"; };
		6C6E9C1924DEC6C300E16CF7 /* Base */ = {isa = PBXFileReference; lastKnownFileType = file.storyboard; name = Base; path = Base.lproj/Main.storyboard; sourceTree = "<group>"; };
		6C6E9C1B24DEC6C500E16CF7 /* Assets.xcassets */ = {isa = PBXFileReference; lastKnownFileType = folder.assetcatalog; path = Assets.xcassets; sourceTree = "<group>"; };
		6C6E9C1E24DEC6C500E16CF7 /* Base */ = {isa = PBXFileReference; lastKnownFileType = file.storyboard; name = Base; path = Base.lproj/LaunchScreen.storyboard; sourceTree = "<group>"; };
		6C6E9C2024DEC6C500E16CF7 /* Info.plist */ = {isa = PBXFileReference; lastKnownFileType = text.plist.xml; path = Info.plist; sourceTree = "<group>"; };
		6C6E9C2A24DEC83A00E16CF7 /* WebManager.swift */ = {isa = PBXFileReference; lastKnownFileType = sourcecode.swift; path = WebManager.swift; sourceTree = "<group>"; };
		6C6E9C2C24DEC89000E16CF7 /* Intercom.swift */ = {isa = PBXFileReference; lastKnownFileType = sourcecode.swift; path = Intercom.swift; sourceTree = "<group>"; };
		6C6E9C3024DEC8C800E16CF7 /* IntercomCell.swift */ = {isa = PBXFileReference; lastKnownFileType = sourcecode.swift; path = IntercomCell.swift; sourceTree = "<group>"; };
		6C6E9C3124DEC8C800E16CF7 /* IntercomCell.xib */ = {isa = PBXFileReference; lastKnownFileType = file.xib; path = IntercomCell.xib; sourceTree = "<group>"; };
		6C6E9C3524DEC8FA00E16CF7 /* DetailViewController.swift */ = {isa = PBXFileReference; lastKnownFileType = sourcecode.swift; path = DetailViewController.swift; sourceTree = "<group>"; };
		6C6E9C3724DEDC1900E16CF7 /* ImageScrollView.swift */ = {isa = PBXFileReference; lastKnownFileType = sourcecode.swift; path = ImageScrollView.swift; sourceTree = "<group>"; };
/* End PBXFileReference section */

/* Begin PBXFrameworksBuildPhase section */
		6C6E9C0C24DEC6C300E16CF7 /* Frameworks */ = {
			isa = PBXFrameworksBuildPhase;
			buildActionMask = 2147483647;
			files = (
			);
			runOnlyForDeploymentPostprocessing = 0;
		};
/* End PBXFrameworksBuildPhase section */

/* Begin PBXGroup section */
		6C6E9C0624DEC6C300E16CF7 = {
			isa = PBXGroup;
			children = (
				6C6E9C1124DEC6C300E16CF7 /* RubetekSmartHouse */,
				6C6E9C1024DEC6C300E16CF7 /* Products */,
			);
			sourceTree = "<group>";
		};
		6C6E9C1024DEC6C300E16CF7 /* Products */ = {
			isa = PBXGroup;
			children = (
				6C6E9C0F24DEC6C300E16CF7 /* RubetekSmartHouse.app */,
			);
			name = Products;
			sourceTree = "<group>";
		};
		6C6E9C1124DEC6C300E16CF7 /* RubetekSmartHouse */ = {
			isa = PBXGroup;
			children = (
				6C6E9C2824DEC7F500E16CF7 /* ViewController */,
				6C6E9C3424DEC8CC00E16CF7 /* View */,
				6C6E9C2F24DEC8A400E16CF7 /* Service */,
				6C6E9C2E24DEC89500E16CF7 /* Model */,
				6C6E9C2624DEC7DD00E16CF7 /* Storyboard */,
				6C6E9C2724DEC7E900E16CF7 /* Resources */,
				6C6E9C2924DEC7FE00E16CF7 /* App */,
			);
			path = RubetekSmartHouse;
			sourceTree = "<group>";
		};
		6C6E9C2624DEC7DD00E16CF7 /* Storyboard */ = {
			isa = PBXGroup;
			children = (
				6C6E9C1824DEC6C300E16CF7 /* Main.storyboard */,
				6C6E9C1D24DEC6C500E16CF7 /* LaunchScreen.storyboard */,
			);
			path = Storyboard;
			sourceTree = "<group>";
		};
		6C6E9C2724DEC7E900E16CF7 /* Resources */ = {
			isa = PBXGroup;
			children = (
				6C6E9C1B24DEC6C500E16CF7 /* Assets.xcassets */,
				6C6E9C2024DEC6C500E16CF7 /* Info.plist */,
			);
			path = Resources;
			sourceTree = "<group>";
		};
		6C6E9C2824DEC7F500E16CF7 /* ViewController */ = {
			isa = PBXGroup;
			children = (
				6C6E9C1624DEC6C300E16CF7 /* IntercomViewController.swift */,
				6C6E9C3524DEC8FA00E16CF7 /* DetailViewController.swift */,
			);
			path = ViewController;
			sourceTree = "<group>";
		};
		6C6E9C2924DEC7FE00E16CF7 /* App */ = {
			isa = PBXGroup;
			children = (
				6C6E9C1224DEC6C300E16CF7 /* AppDelegate.swift */,
				6C6E9C1424DEC6C300E16CF7 /* SceneDelegate.swift */,
			);
			path = App;
			sourceTree = "<group>";
		};
		6C6E9C2E24DEC89500E16CF7 /* Model */ = {
			isa = PBXGroup;
			children = (
				6C6E9C2C24DEC89000E16CF7 /* Intercom.swift */,
			);
			path = Model;
			sourceTree = "<group>";
		};
		6C6E9C2F24DEC8A400E16CF7 /* Service */ = {
			isa = PBXGroup;
			children = (
				6C6E9C2A24DEC83A00E16CF7 /* WebManager.swift */,
			);
			path = Service;
			sourceTree = "<group>";
		};
		6C6E9C3424DEC8CC00E16CF7 /* View */ = {
			isa = PBXGroup;
			children = (
				6C6E9C3024DEC8C800E16CF7 /* IntercomCell.swift */,
				6C6E9C3124DEC8C800E16CF7 /* IntercomCell.xib */,
				6C6E9C3724DEDC1900E16CF7 /* ImageScrollView.swift */,
			);
			path = View;
			sourceTree = "<group>";
		};
/* End PBXGroup section */

/* Begin PBXNativeTarget section */
		6C6E9C0E24DEC6C300E16CF7 /* RubetekSmartHouse */ = {
			isa = PBXNativeTarget;
			buildConfigurationList = 6C6E9C2324DEC6C500E16CF7 /* Build configuration list for PBXNativeTarget "RubetekSmartHouse" */;
			buildPhases = (
				6C6E9C0B24DEC6C300E16CF7 /* Sources */,
				6C6E9C0C24DEC6C300E16CF7 /* Frameworks */,
				6C6E9C0D24DEC6C300E16CF7 /* Resources */,
			);
			buildRules = (
			);
			dependencies = (
			);
			name = RubetekSmartHouse;
			productName = RubetekSmartHouse;
			productReference = 6C6E9C0F24DEC6C300E16CF7 /* RubetekSmartHouse.app */;
			productType = "com.apple.product-type.application";
		};
/* End PBXNativeTarget section */

/* Begin PBXProject section */
		6C6E9C0724DEC6C300E16CF7 /* Project object */ = {
			isa = PBXProject;
			attributes = {
				LastSwiftUpdateCheck = 1150;
				LastUpgradeCheck = 1150;
				ORGANIZATIONNAME = "Anton Larchenko";
				TargetAttributes = {
					6C6E9C0E24DEC6C300E16CF7 = {
						CreatedOnToolsVersion = 11.5;
					};
				};
			};
			buildConfigurationList = 6C6E9C0A24DEC6C300E16CF7 /* Build configuration list for PBXProject "RubetekSmartHouse" */;
			compatibilityVersion = "Xcode 9.3";
			developmentRegion = en;
			hasScannedForEncodings = 0;
			knownRegions = (
				en,
				Base,
			);
			mainGroup = 6C6E9C0624DEC6C300E16CF7;
			productRefGroup = 6C6E9C1024DEC6C300E16CF7 /* Products */;
			projectDirPath = "";
			projectRoot = "";
			targets = (
				6C6E9C0E24DEC6C300E16CF7 /* RubetekSmartHouse */,
			);
		};
/* End PBXProject section */

/* Begin PBXResourcesBuildPhase section */
		6C6E9C0D24DEC6C300E16CF7 /* Resources */ = {
			isa = PBXResourcesBuildPhase;
			buildActionMask = 2147483647;
			files = (
				6C6E9C1F24DEC6C500E16CF7 /* LaunchScreen.storyboard in Resources */,
				6C6E9C1C24DEC6C500E16CF7 /* Assets.xcassets in Resources */,
				6C6E9C3324DEC8C800E16CF7 /* IntercomCell.xib in Resources */,
				6C6E9C1A24DEC6C300E16CF7 /* Main.storyboard in Resources */,
			);
			runOnlyForDeploymentPostprocessing = 0;
		};
/* End PBXResourcesBuildPhase section */

/* Begin PBXSourcesBuildPhase section */
		6C6E9C0B24DEC6C300E16CF7 /* Sources */ = {
			isa = PBXSourcesBuildPhase;
			buildActionMask = 2147483647;
			files = (
				6C6E9C2B24DEC83A00E16CF7 /* WebManager.swift in Sources */,
				6C6E9C2D24DEC89000E16CF7 /* Intercom.swift in Sources */,
				6C6E9C3224DEC8C800E16CF7 /* IntercomCell.swift in Sources */,
				6C6E9C1724DEC6C300E16CF7 /* IntercomViewController.swift in Sources */,
				6C6E9C1324DEC6C300E16CF7 /* AppDelegate.swift in Sources */,
				6C6E9C3824DEDC1900E16CF7 /* ImageScrollView.swift in Sources */,
				6C6E9C1524DEC6C300E16CF7 /* SceneDelegate.swift in Sources */,
				6C6E9C3624DEC8FA00E16CF7 /* DetailViewController.swift in Sources */,
			);
			runOnlyForDeploymentPostprocessing = 0;
		};
/* End PBXSourcesBuildPhase section */

/* Begin PBXVariantGroup section */
		6C6E9C1824DEC6C300E16CF7 /* Main.storyboard */ = {
			isa = PBXVariantGroup;
			children = (
				6C6E9C1924DEC6C300E16CF7 /* Base */,
			);
			name = Main.storyboard;
			sourceTree = "<group>";
		};
		6C6E9C1D24DEC6C500E16CF7 /* LaunchScreen.storyboard */ = {
			isa = PBXVariantGroup;
			children = (
				6C6E9C1E24DEC6C500E16CF7 /* Base */,
			);
			name = LaunchScreen.storyboard;
			sourceTree = "<group>";
		};
/* End PBXVariantGroup section */

/* Begin XCBuildConfiguration section */
		6C6E9C2124DEC6C500E16CF7 /* Debug */ = {
			isa = XCBuildConfiguration;
			buildSettings = {
				ALWAYS_SEARCH_USER_PATHS = NO;
				CLANG_ANALYZER_NONNULL = YES;
				CLANG_ANALYZER_NUMBER_OBJECT_CONVERSION = YES_AGGRESSIVE;
				CLANG_CXX_LANGUAGE_STANDARD = "gnu++14";
				CLANG_CXX_LIBRARY = "libc++";
				CLANG_ENABLE_MODULES = YES;
				CLANG_ENABLE_OBJC_ARC = YES;
				CLANG_ENABLE_OBJC_WEAK = YES;
				CLANG_WARN_BLOCK_CAPTURE_AUTORELEASING = YES;
				CLANG_WARN_BOOL_CONVERSION = YES;
				CLANG_WARN_COMMA = YES;
				CLANG_WARN_CONSTANT_CONVERSION = YES;
				CLANG_WARN_DEPRECATED_OBJC_IMPLEMENTATIONS = YES;
				CLANG_WARN_DIRECT_OBJC_ISA_USAGE = YES_ERROR;
				CLANG_WARN_DOCUMENTATION_COMMENTS = YES;
				CLANG_WARN_EMPTY_BODY = YES;
				CLANG_WARN_ENUM_CONVERSION = YES;
				CLANG_WARN_INFINITE_RECURSION = YES;
				CLANG_WARN_INT_CONVERSION = YES;
				CLANG_WARN_NON_LITERAL_NULL_CONVERSION = YES;
				CLANG_WARN_OBJC_IMPLICIT_RETAIN_SELF = YES;
				CLANG_WARN_OBJC_LITERAL_CONVERSION = YES;
				CLANG_WARN_OBJC_ROOT_CLASS = YES_ERROR;
				CLANG_WARN_RANGE_LOOP_ANALYSIS = YES;
				CLANG_WARN_STRICT_PROTOTYPES = YES;
				CLANG_WARN_SUSPICIOUS_MOVE = YES;
				CLANG_WARN_UNGUARDED_AVAILABILITY = YES_AGGRESSIVE;
				CLANG_WARN_UNREACHABLE_CODE = YES;
				CLANG_WARN__DUPLICATE_METHOD_MATCH = YES;
				COPY_PHASE_STRIP = NO;
				DEBUG_INFORMATION_FORMAT = dwarf;
				ENABLE_STRICT_OBJC_MSGSEND = YES;
				ENABLE_TESTABILITY = YES;
				GCC_C_LANGUAGE_STANDARD = gnu11;
				GCC_DYNAMIC_NO_PIC = NO;
				GCC_NO_COMMON_BLOCKS = YES;
				GCC_OPTIMIZATION_LEVEL = 0;
				GCC_PREPROCESSOR_DEFINITIONS = (
					"DEBUG=1",
					"$(inherited)",
				);
				GCC_WARN_64_TO_32_BIT_CONVERSION = YES;
				GCC_WARN_ABOUT_RETURN_TYPE = YES_ERROR;
				GCC_WARN_UNDECLARED_SELECTOR = YES;
				GCC_WARN_UNINITIALIZED_AUTOS = YES_AGGRESSIVE;
				GCC_WARN_UNUSED_FUNCTION = YES;
				GCC_WARN_UNUSED_VARIABLE = YES;
				IPHONEOS_DEPLOYMENT_TARGET = 13.5;
				MTL_ENABLE_DEBUG_INFO = INCLUDE_SOURCE;
				MTL_FAST_MATH = YES;
				ONLY_ACTIVE_ARCH = YES;
				SDKROOT = iphoneos;
				SWIFT_ACTIVE_COMPILATION_CONDITIONS = DEBUG;
				SWIFT_OPTIMIZATION_LEVEL = "-Onone";
			};
			name = Debug;
		};
		6C6E9C2224DEC6C500E16CF7 /* Release */ = {
			isa = XCBuildConfiguration;
			buildSettings = {
				ALWAYS_SEARCH_USER_PATHS = NO;
				CLANG_ANALYZER_NONNULL = YES;
				CLANG_ANALYZER_NUMBER_OBJECT_CONVERSION = YES_AGGRESSIVE;
				CLANG_CXX_LANGUAGE_STANDARD = "gnu++14";
				CLANG_CXX_LIBRARY = "libc++";
				CLANG_ENABLE_MODULES = YES;
				CLANG_ENABLE_OBJC_ARC = YES;
				CLANG_ENABLE_OBJC_WEAK = YES;
				CLANG_WARN_BLOCK_CAPTURE_AUTORELEASING = YES;
				CLANG_WARN_BOOL_CONVERSION = YES;
				CLANG_WARN_COMMA = YES;
				CLANG_WARN_CONSTANT_CONVERSION = YES;
				CLANG_WARN_DEPRECATED_OBJC_IMPLEMENTATIONS = YES;
				CLANG_WARN_DIRECT_OBJC_ISA_USAGE = YES_ERROR;
				CLANG_WARN_DOCUMENTATION_COMMENTS = YES;
				CLANG_WARN_EMPTY_BODY = YES;
				CLANG_WARN_ENUM_CONVERSION = YES;
				CLANG_WARN_INFINITE_RECURSION = YES;
				CLANG_WARN_INT_CONVERSION = YES;
				CLANG_WARN_NON_LITERAL_NULL_CONVERSION = YES;
				CLANG_WARN_OBJC_IMPLICIT_RETAIN_SELF = YES;
				CLANG_WARN_OBJC_LITERAL_CONVERSION = YES;
				CLANG_WARN_OBJC_ROOT_CLASS = YES_ERROR;
				CLANG_WARN_RANGE_LOOP_ANALYSIS = YES;
				CLANG_WARN_STRICT_PROTOTYPES = YES;
				CLANG_WARN_SUSPICIOUS_MOVE = YES;
				CLANG_WARN_UNGUARDED_AVAILABILITY = YES_AGGRESSIVE;
				CLANG_WARN_UNREACHABLE_CODE = YES;
				CLANG_WARN__DUPLICATE_METHOD_MATCH = YES;
				COPY_PHASE_STRIP = NO;
				DEBUG_INFORMATION_FORMAT = "dwarf-with-dsym";
				ENABLE_NS_ASSERTIONS = NO;
				ENABLE_STRICT_OBJC_MSGSEND = YES;
				GCC_C_LANGUAGE_STANDARD = gnu11;
				GCC_NO_COMMON_BLOCKS = YES;
				GCC_WARN_64_TO_32_BIT_CONVERSION = YES;
				GCC_WARN_ABOUT_RETURN_TYPE = YES_ERROR;
				GCC_WARN_UNDECLARED_SELECTOR = YES;
				GCC_WARN_UNINITIALIZED_AUTOS = YES_AGGRESSIVE;
				GCC_WARN_UNUSED_FUNCTION = YES;
				GCC_WARN_UNUSED_VARIABLE = YES;
				IPHONEOS_DEPLOYMENT_TARGET = 13.5;
				MTL_ENABLE_DEBUG_INFO = NO;
				MTL_FAST_MATH = YES;
				SDKROOT = iphoneos;
				SWIFT_COMPILATION_MODE = wholemodule;
				SWIFT_OPTIMIZATION_LEVEL = "-O";
				VALIDATE_PRODUCT = YES;
			};
			name = Release;
		};
		6C6E9C2424DEC6C500E16CF7 /* Debug */ = {
			isa = XCBuildConfiguration;
			buildSettings = {
				ASSETCATALOG_COMPILER_APPICON_NAME = AppIcon;
				CODE_SIGN_STYLE = Automatic;
				DEVELOPMENT_TEAM = KWAG9NLQG9;
				INFOPLIST_FILE = RubetekSmartHouse/Resources/Info.plist;
				LD_RUNPATH_SEARCH_PATHS = (
					"$(inherited)",
					"@executable_path/Frameworks",
				);
				PRODUCT_BUNDLE_IDENTIFIER = com.antonlarchenko.RubetekSmartHouse;
				PRODUCT_NAME = "$(TARGET_NAME)";
				SWIFT_VERSION = 5.0;
				TARGETED_DEVICE_FAMILY = "1,2";
			};
			name = Debug;
		};
		6C6E9C2524DEC6C500E16CF7 /* Release */ = {
			isa = XCBuildConfiguration;
			buildSettings = {
				ASSETCATALOG_COMPILER_APPICON_NAME = AppIcon;
				CODE_SIGN_STYLE = Automatic;
				DEVELOPMENT_TEAM = KWAG9NLQG9;
				INFOPLIST_FILE = RubetekSmartHouse/Resources/Info.plist;
				LD_RUNPATH_SEARCH_PATHS = (
					"$(inherited)",
					"@executable_path/Frameworks",
				);
				PRODUCT_BUNDLE_IDENTIFIER = com.antonlarchenko.RubetekSmartHouse;
				PRODUCT_NAME = "$(TARGET_NAME)";
				SWIFT_VERSION = 5.0;
				TARGETED_DEVICE_FAMILY = "1,2";
			};
			name = Release;
		};
/* End XCBuildConfiguration section */

/* Begin XCConfigurationList section */
		6C6E9C0A24DEC6C300E16CF7 /* Build configuration list for PBXProject "RubetekSmartHouse" */ = {
			isa = XCConfigurationList;
			buildConfigurations = (
				6C6E9C2124DEC6C500E16CF7 /* Debug */,
				6C6E9C2224DEC6C500E16CF7 /* Release */,
			);
			defaultConfigurationIsVisible = 0;
			defaultConfigurationName = Release;
		};
		6C6E9C2324DEC6C500E16CF7 /* Build configuration list for PBXNativeTarget "RubetekSmartHouse" */ = {
			isa = XCConfigurationList;
			buildConfigurations = (
				6C6E9C2424DEC6C500E16CF7 /* Debug */,
				6C6E9C2524DEC6C500E16CF7 /* Release */,
			);
			defaultConfigurationIsVisible = 0;
			defaultConfigurationName = Release;
		};
/* End XCConfigurationList section */
	};
	rootObject = 6C6E9C0724DEC6C300E16CF7 /* Project object */;
}
